Microsoft Visual Studio Solution File, Format Version 12.00
# Visual Studio Version 17
VisualStudioVersion = 17.6.33620.401
MinimumVisualStudioVersion = 10.0.40219.1
Project("{FAE04EC0-301F-11D3-BF4B-00C04F79EFBC}") = "DevImgGen", "DevImgGen\DevImgGen.csproj", "{66188734-03A5-4AF2-A005-552DA3013A4C}"
EndProject
Project("{FAE04EC0-301F-11D3-BF4B-00C04F79EFBC}") = "DigLib", "DigLib\DigLib.csproj", "{C9C246A5-C838-488B-8AE0-A336EFD8C8A2}"
EndProject
Global
	GlobalSection(SolutionConfigurationPlatforms) = preSolution
		Debug|Any CPU = Debug|Any CPU
		Release|Any CPU = Release|Any CPU
	EndGlobalSection
	GlobalSection(ProjectConfigurationPlatforms) = postSolution
		{66188734-03A5-4AF2-A005-552DA3013A4C}.Debug|Any CPU.ActiveCfg = Debug|Any CPU
		{66188734-03A5-4AF2-A005-552DA3013A4C}.Debug|Any CPU.Build.0 = Debug|Any CPU
		{66188734-03A5-4AF2-A005-552DA3013A4C}.Release|Any CPU.ActiveCfg = Release|Any CPU
		{66188734-03A5-4AF2-A005-552DA3013A4C}.Release|Any CPU.Build.0 = Release|Any CPU
		{C9C246A5-C838-488B-8AE0-A336EFD8C8A2}.Debug|Any CPU.ActiveCfg = Debug|Any CPU
		{C9C246A5-C838-488B-8AE0-A336EFD8C8A2}.Debug|Any CPU.Build.0 = Debug|Any CPU
		{C9C246A5-C838-488B-8AE0-A336EFD8C8A2}.Release|Any CPU.ActiveCfg = Release|Any CPU
		{C9C246A5-C838-488B-8AE0-A336EFD8C8A2}.Release|Any CPU.Build.0 = Release|Any CPU
	EndGlobalSection
	GlobalSection(SolutionProperties) = preSolution
		HideSolutionNode = FALSE
	EndGlobalSection
EndGlobal
